# @generated by Move, please check-in and do not edit manually.

[move]
version = 3
manifest_digest = "386ADB5D6A63CA4F92FC43BE8A00CEDE9F4769A1D33D243079E4D4FCE9ECCA24"
deps_digest = "F8BBB0CCB2491CA29A3DF03D6F92277A4F3574266507ACD77214D37ECA3F3082"
dependencies = [
  { id = "Sui", name = "Sui" },
]

[[move.package]]
id = "MoveStdlib"
source = { git = "https://github.com/MystenLabs/sui.git", rev = "framework/testnet", subdir = "crates/sui-framework/packages/move-stdlib" }

[[move.package]]
id = "Sui"
source = { git = "https://github.com/MystenLabs/sui.git", rev = "framework/testnet", subdir = "crates/sui-framework/packages/sui-framework" }

dependencies = [
  { id = "MoveStdlib", name = "MoveStdlib" },
]

[move.toolchain-version]
compiler-version = "1.35.0"
edition = "2024.beta"
flavor = "sui"

[env]

[env.devnet]
chain-id = "b9643850"
original-published-id = "0xd2f68d82608da5a21d2eb3e45236097d751f5b820105693a31a30fbbbfdc1872"
latest-published-id = "0xd2f68d82608da5a21d2eb3e45236097d751f5b820105693a31a30fbbbfdc1872"
published-version = "1"
